
Microsoft Visual Studio Solution File, Format Version 12.00
Project("{FAE04EC0-301F-11D3-BF4B-00C04F79EFBC}") = "CoinGecko", "CoinGecko\CoinGecko.csproj", "{3598AC1E-F2E4-48E8-AF48-86FB7CA29EC0}"
EndProject
Project("{FAE04EC0-301F-11D3-BF4B-00C04F79EFBC}") = "CoinGecko.Api", "CoinGecko.Api\CoinGecko.Api.csproj", "{87BF889D-4317-4149-A17A-7050B9F3B4F7}"
EndProject
Project("{FAE04EC0-301F-11D3-BF4B-00C04F79EFBC}") = "CoinGecko.Tests", "CoinGecko.Tests\CoinGecko.Tests.csproj", "{8FCD1525-0842-4843-BF52-BCC2795FFBFA}"
EndProject
Project("{FAE04EC0-301F-11D3-BF4B-00C04F79EFBC}") = "YarikVor.QueryFormatting", "YarikVor.QueryFormatting\YarikVor.QueryFormatting.csproj", "{CF6C9A6A-1512-47D6-9090-D146FFC52254}"
EndProject
Project("{FAE04EC0-301F-11D3-BF4B-00C04F79EFBC}") = "YarikVor.QueryFormatting.Abstractions", "YarikVor.QueryFormatting.Abstractions\YarikVor.QueryFormatting.Abstractions.csproj", "{27231194-16AF-44C7-9960-84076812D2CD}"
EndProject
Project("{2150E333-8FDC-42A3-9474-1A3956D46DE8}") = "QueryFormatting", "QueryFormatting", "{270382D8-EFC5-4128-8C96-EBAC13AED8D5}"
EndProject
Project("{2150E333-8FDC-42A3-9474-1A3956D46DE8}") = "Tests", "Tests", "{3FDCCD6D-4246-4F16-B7FC-7E12C4E8A93C}"
EndProject
Project("{2150E333-8FDC-42A3-9474-1A3956D46DE8}") = "Applications", "Applications", "{D17F0421-F74F-40ED-A727-3F30DA52B382}"
EndProject
Project("{FAE04EC0-301F-11D3-BF4B-00C04F79EFBC}") = "YarikVor.QueryFormatting.Services", "YarikVor.QueryFormatting.Services\YarikVor.QueryFormatting.Services.csproj", "{D0CFEC33-8DE1-46A3-9A1A-2EFDDB96F6DC}"
EndProject
Project("{FAE04EC0-301F-11D3-BF4B-00C04F79EFBC}") = "YarikVor.QueryFormatting.Tests", "YarikVor.QueryFormatting.Tests\YarikVor.QueryFormatting.Tests.csproj", "{BD3EE807-81FE-40EC-B6A9-06876056DA9A}"
EndProject
Project("{FAE04EC0-301F-11D3-BF4B-00C04F79EFBC}") = "YarikVor.TestHelpering", "YarikVor.TestHelpering\YarikVor.TestHelpering.csproj", "{EABBDE94-0B30-4451-8FB0-77F820BBB263}"
EndProject
Project("{2150E333-8FDC-42A3-9474-1A3956D46DE8}") = "_Libraries", "_Libraries", "{95DC91E1-87FB-4906-B191-B52B28D38685}"
EndProject
Global
	GlobalSection(SolutionConfigurationPlatforms) = preSolution
		Debug|Any CPU = Debug|Any CPU
		Release|Any CPU = Release|Any CPU
	EndGlobalSection
	GlobalSection(ProjectConfigurationPlatforms) = postSolution
		{3598AC1E-F2E4-48E8-AF48-86FB7CA29EC0}.Debug|Any CPU.ActiveCfg = Debug|Any CPU
		{3598AC1E-F2E4-48E8-AF48-86FB7CA29EC0}.Debug|Any CPU.Build.0 = Debug|Any CPU
		{3598AC1E-F2E4-48E8-AF48-86FB7CA29EC0}.Release|Any CPU.ActiveCfg = Release|Any CPU
		{3598AC1E-F2E4-48E8-AF48-86FB7CA29EC0}.Release|Any CPU.Build.0 = Release|Any CPU
		{87BF889D-4317-4149-A17A-7050B9F3B4F7}.Debug|Any CPU.ActiveCfg = Debug|Any CPU
		{87BF889D-4317-4149-A17A-7050B9F3B4F7}.Debug|Any CPU.Build.0 = Debug|Any CPU
		{87BF889D-4317-4149-A17A-7050B9F3B4F7}.Release|Any CPU.ActiveCfg = Release|Any CPU
		{87BF889D-4317-4149-A17A-7050B9F3B4F7}.Release|Any CPU.Build.0 = Release|Any CPU
		{8FCD1525-0842-4843-BF52-BCC2795FFBFA}.Debug|Any CPU.ActiveCfg = Debug|Any CPU
		{8FCD1525-0842-4843-BF52-BCC2795FFBFA}.Debug|Any CPU.Build.0 = Debug|Any CPU
		{8FCD1525-0842-4843-BF52-BCC2795FFBFA}.Release|Any CPU.ActiveCfg = Release|Any CPU
		{8FCD1525-0842-4843-BF52-BCC2795FFBFA}.Release|Any CPU.Build.0 = Release|Any CPU
		{CF6C9A6A-1512-47D6-9090-D146FFC52254}.Debug|Any CPU.ActiveCfg = Debug|Any CPU
		{CF6C9A6A-1512-47D6-9090-D146FFC52254}.Debug|Any CPU.Build.0 = Debug|Any CPU
		{CF6C9A6A-1512-47D6-9090-D146FFC52254}.Release|Any CPU.ActiveCfg = Release|Any CPU
		{CF6C9A6A-1512-47D6-9090-D146FFC52254}.Release|Any CPU.Build.0 = Release|Any CPU
		{27231194-16AF-44C7-9960-84076812D2CD}.Debug|Any CPU.ActiveCfg = Debug|Any CPU
		{27231194-16AF-44C7-9960-84076812D2CD}.Debug|Any CPU.Build.0 = Debug|Any CPU
		{27231194-16AF-44C7-9960-84076812D2CD}.Release|Any CPU.ActiveCfg = Release|Any CPU
		{27231194-16AF-44C7-9960-84076812D2CD}.Release|Any CPU.Build.0 = Release|Any CPU
		{D0CFEC33-8DE1-46A3-9A1A-2EFDDB96F6DC}.Debug|Any CPU.ActiveCfg = Debug|Any CPU
		{D0CFEC33-8DE1-46A3-9A1A-2EFDDB96F6DC}.Debug|Any CPU.Build.0 = Debug|Any CPU
		{D0CFEC33-8DE1-46A3-9A1A-2EFDDB96F6DC}.Release|Any CPU.ActiveCfg = Release|Any CPU
		{D0CFEC33-8DE1-46A3-9A1A-2EFDDB96F6DC}.Release|Any CPU.Build.0 = Release|Any CPU
		{BD3EE807-81FE-40EC-B6A9-06876056DA9A}.Debug|Any CPU.ActiveCfg = Debug|Any CPU
		{BD3EE807-81FE-40EC-B6A9-06876056DA9A}.Debug|Any CPU.Build.0 = Debug|Any CPU
		{BD3EE807-81FE-40EC-B6A9-06876056DA9A}.Release|Any CPU.ActiveCfg = Release|Any CPU
		{BD3EE807-81FE-40EC-B6A9-06876056DA9A}.Release|Any CPU.Build.0 = Release|Any CPU
		{EABBDE94-0B30-4451-8FB0-77F820BBB263}.Debug|Any CPU.ActiveCfg = Debug|Any CPU
		{EABBDE94-0B30-4451-8FB0-77F820BBB263}.Debug|Any CPU.Build.0 = Debug|Any CPU
		{EABBDE94-0B30-4451-8FB0-77F820BBB263}.Release|Any CPU.ActiveCfg = Release|Any CPU
		{EABBDE94-0B30-4451-8FB0-77F820BBB263}.Release|Any CPU.Build.0 = Release|Any CPU
	EndGlobalSection
	GlobalSection(NestedProjects) = preSolution
		{27231194-16AF-44C7-9960-84076812D2CD} = {270382D8-EFC5-4128-8C96-EBAC13AED8D5}
		{CF6C9A6A-1512-47D6-9090-D146FFC52254} = {270382D8-EFC5-4128-8C96-EBAC13AED8D5}
		{3598AC1E-F2E4-48E8-AF48-86FB7CA29EC0} = {D17F0421-F74F-40ED-A727-3F30DA52B382}
		{8FCD1525-0842-4843-BF52-BCC2795FFBFA} = {3FDCCD6D-4246-4F16-B7FC-7E12C4E8A93C}
		{D0CFEC33-8DE1-46A3-9A1A-2EFDDB96F6DC} = {270382D8-EFC5-4128-8C96-EBAC13AED8D5}
		{BD3EE807-81FE-40EC-B6A9-06876056DA9A} = {270382D8-EFC5-4128-8C96-EBAC13AED8D5}
		{270382D8-EFC5-4128-8C96-EBAC13AED8D5} = {95DC91E1-87FB-4906-B191-B52B28D38685}
	EndGlobalSection
EndGlobal
